lockfileVersion: 5.4

specifiers:
  '@faker-js/faker': ^7.4.0
  fast-fuzzy: ^1.11.2
  fastest-levenshtein: ^1.0.16
  fuse.js: ^6.6.2
  fuzzy: ^0.1.3
  fuzzy-search: ^3.2.1
  minisearch: ^5.0.0
  mitata: ^0.1.6

devDependencies:
  '@faker-js/faker': 7.4.0
  fast-fuzzy: 1.11.2
  fastest-levenshtein: 1.0.16
  fuse.js: 6.6.2
  fuzzy: 0.1.3
  fuzzy-search: 3.2.1
  minisearch: 5.0.0
  mitata: 0.1.6

packages:

  /@faker-js/faker/7.4.0:
    resolution: {integrity: sha512-xDd3Tvkt2jgkx1LkuwwxpNBy/Oe+LkZBTwkgEFTiWpVSZgQ5sc/LenbHKRHbFl0dq/KFeeq/szyyPtpJRKY0fg==}
    engines: {node: '>=14.0.0', npm: '>=6.0.0'}
    dev: true

  /fast-fuzzy/1.11.2:
    resolution: {integrity: sha512-H1ct10Pzx+pSO4h7F1uBXET91ay2hy67J1aQZFKL23EXsOoanpwjPNQQoc+NhClKJMmlGGN+0bXhIdFJX70BJw==}
    dependencies:
      graphemesplit: 2.4.4
    dev: true

  /fastest-levenshtein/1.0.16:
    resolution: {integrity: sha512-eRnCtTTtGZFpQCwhJiUOuxPQWRXVKYDn0b2PeHfXL6/Zi53SLAzAHfVhVWK2AryC/WH05kGfxhFIPvTF0SXQzg==}
    engines: {node: '>= 4.9.1'}
    dev: true

  /fuse.js/6.6.2:
    resolution: {integrity: sha512-cJaJkxCCxC8qIIcPBF9yGxY0W/tVZS3uEISDxhYIdtk8OL93pe+6Zj7LjCqVV4dzbqcriOZ+kQ/NE4RXZHsIGA==}
    engines: {node: '>=10'}
    dev: true

  /fuzzy-search/3.2.1:
    resolution: {integrity: sha512-vAcPiyomt1ioKAsAL2uxSABHJ4Ju/e4UeDM+g1OlR0vV4YhLGMNsdLNvZTpEDY4JCSt0E4hASCNM5t2ETtsbyg==}
    dev: true

  /fuzzy/0.1.3:
    resolution: {integrity: sha512-/gZffu4ykarLrCiP3Ygsa86UAo1E5vEVlvTrpkKywXSbP9Xhln3oSp9QSV57gEq3JFFpGJ4GZ+5zdEp3FcUh4w==}
    engines: {node: '>= 0.6.0'}
    dev: true

  /graphemesplit/2.4.4:
    resolution: {integrity: sha512-lKrpp1mk1NH26USxC/Asw4OHbhSQf5XfrWZ+CDv/dFVvd1j17kFgMotdJvOesmHkbFX9P9sBfpH8VogxOWLg8w==}
    dependencies:
      js-base64: 3.7.2
      unicode-trie: 2.0.0
    dev: true

  /js-base64/3.7.2:
    resolution: {integrity: sha512-NnRs6dsyqUXejqk/yv2aiXlAvOs56sLkX6nUdeaNezI5LFFLlsZjOThmwnrcwh5ZZRwZlCMnVAY3CvhIhoVEKQ==}
    dev: true

  /minisearch/5.0.0:
    resolution: {integrity: sha512-VEwBhl8aFtc2UG2XmP7a4XaZxVfNhe7GvB2W/ZRGbLL3P3LbBhkoOezBWsMqG8Mr5VonqXAMRWth79XXKja1bQ==}
    dev: true

  /mitata/0.1.6:
    resolution: {integrity: sha512-VKQ0r3jriTOU9E2Z+mwbZrUmbg4Li4QyFfi7kfHKl6reZhGzL0AYlu3wE0VPXzIwA5xnFzmEQoBwCcNT8stUkA==}
    dev: true

  /pako/0.2.9:
    resolution: {integrity: sha512-NUcwaKxUxWrZLpDG+z/xZaCgQITkA/Dv4V/T6bw7VON6l1Xz/VnrBqrYjZQ12TamKHzITTfOEIYUj48y2KXImA==}
    dev: true

  /tiny-inflate/1.0.3:
    resolution: {integrity: sha512-pkY1fj1cKHb2seWDy0B16HeWyczlJA9/WW3u3c4z/NiWDsO3DOU5D7nhTLE9CF0yXv/QZFY7sEJmj24dK+Rrqw==}
    dev: true

  /unicode-trie/2.0.0:
    resolution: {integrity: sha512-x7bc76x0bm4prf1VLg79uhAzKw8DVboClSN5VxJuQ+LKDOVEW9CdH+VY7SP+vX7xCYQqzzgQpFqz15zeLvAtZQ==}
    dependencies:
      pako: 0.2.9
      tiny-inflate: 1.0.3
    dev: true
